// !$*UTF8*$!
{
	archiveVersion = 1;
	classes = {
	};
	objectVersion = 50;
	objects = {

/* Begin PBXBuildFile section */
		9AECC3EC236B511400CE553D /* AppDelegate.swift in Sources */ = {isa = PBXBuildFile; fileRef = 9AECC3EB236B511400CE553D /* AppDelegate.swift */; };
		9AECC3EE236B511400CE553D /* SceneDelegate.swift in Sources */ = {isa = PBXBuildFile; fileRef = 9AECC3ED236B511400CE553D /* SceneDelegate.swift */; };
		9AECC3F0236B511400CE553D /* ContentView.swift in Sources */ = {isa = PBXBuildFile; fileRef = 9AECC3EF236B511400CE553D /* ContentView.swift */; };
		9AECC3F2236B511500CE553D /* Assets.xcassets in Resources */ = {isa = PBXBuildFile; fileRef = 9AECC3F1236B511500CE553D /* Assets.xcassets */; };
		9AECC3F5236B511500CE553D /* Preview Assets.xcassets in Resources */ = {isa = PBXBuildFile; fileRef = 9AECC3F4236B511500CE553D /* Preview Assets.xcassets */; };
		9AECC3F8236B511500CE553D /* LaunchScreen.storyboard in Resources */ = {isa = PBXBuildFile; fileRef = 9AECC3F6236B511500CE553D /* LaunchScreen.storyboard */; };
		9AECC403236B511500CE553D /* TempConverterTests.swift in Sources */ = {isa = PBXBuildFile; fileRef = 9AECC402236B511500CE553D /* TempConverterTests.swift */; };
		9AECC40E236B511500CE553D /* TempConverterUITests.swift in Sources */ = {isa = PBXBuildFile; fileRef = 9AECC40D236B511500CE553D /* TempConverterUITests.swift */; };
/* End PBXBuildFile section */

/* Begin PBXContainerItemProxy section */
		9AECC3FF236B511500CE553D /* PBXContainerItemProxy */ = {
			isa = PBXContainerItemProxy;
			containerPortal = 9AECC3E0236B511400CE553D /* Project object */;
			proxyType = 1;
			remoteGlobalIDString = 9AECC3E7236B511400CE553D;
			remoteInfo = TempConverter;
		};
		9AECC40A236B511500CE553D /* PBXContainerItemProxy */ = {
			isa = PBXContainerItemProxy;
			containerPortal = 9AECC3E0236B511400CE553D /* Project object */;
			proxyType = 1;
			remoteGlobalIDString = 9AECC3E7236B511400CE553D;
			remoteInfo = TempConverter;
		};
/* End PBXContainerItemProxy section */

/* Begin PBXFileReference section */
		9AECC3E8236B511400CE553D /* TempConverter.app */ = {isa = PBXFileReference; explicitFileType = wrapper.application; includeInIndex = 0; path = TempConverter.app; sourceTree = BUILT_PRODUCTS_DIR; };
		9AECC3EB236B511400CE553D /* AppDelegate.swift */ = {isa = PBXFileReference; lastKnownFileType = sourcecode.swift; path = AppDelegate.swift; sourceTree = "<group>"; };
		9AECC3ED236B511400CE553D /* SceneDelegate.swift */ = {isa = PBXFileReference; lastKnownFileType = sourcecode.swift; path = SceneDelegate.swift; sourceTree = "<group>"; };
		9AECC3EF236B511400CE553D /* ContentView.swift */ = {isa = PBXFileReference; lastKnownFileType = sourcecode.swift; path = ContentView.swift; sourceTree = "<group>"; };
		9AECC3F1236B511500CE553D /* Assets.xcassets */ = {isa = PBXFileReference; lastKnownFileType = folder.assetcatalog; path = Assets.xcassets; sourceTree = "<group>"; };
		9AECC3F4236B511500CE553D /* Preview Assets.xcassets */ = {isa = PBXFileReference; lastKnownFileType = folder.assetcatalog; path = "Preview Assets.xcassets"; sourceTree = "<group>"; };
		9AECC3F7236B511500CE553D /* Base */ = {isa = PBXFileReference; lastKnownFileType = file.storyboard; name = Base; path = Base.lproj/LaunchScreen.storyboard; sourceTree = "<group>"; };
		9AECC3F9236B511500CE553D /* Info.plist */ = {isa = PBXFileReference; lastKnownFileType = text.plist.xml; path = Info.plist; sourceTree = "<group>"; };
		9AECC3FE236B511500CE553D /* TempConverterTests.xctest */ = {isa = PBXFileReference; explicitFileType = wrapper.cfbundle; includeInIndex = 0; path = TempConverterTests.xctest; sourceTree = BUILT_PRODUCTS_DIR; };
		9AECC402236B511500CE553D /* TempConverterTests.swift */ = {isa = PBXFileReference; lastKnownFileType = sourcecode.swift; path = TempConverterTests.swift; sourceTree = "<group>"; };
		9AECC404236B511500CE553D /* Info.plist */ = {isa = PBXFileReference; lastKnownFileType = text.plist.xml; path = Info.plist; sourceTree = "<group>"; };
		9AECC409236B511500CE553D /* TempConverterUITests.xctest */ = {isa = PBXFileReference; explicitFileType = wrapper.cfbundle; includeInIndex = 0; path = TempConverterUITests.xctest; sourceTree = BUILT_PRODUCTS_DIR; };
		9AECC40D236B511500CE553D /* TempConverterUITests.swift */ = {isa = PBXFileReference; lastKnownFileType = sourcecode.swift; path = TempConverterUITests.swift; sourceTree = "<group>"; };
		9AECC40F236B511500CE553D /* Info.plist */ = {isa = PBXFileReference; lastKnownFileType = text.plist.xml; path = Info.plist; sourceTree = "<group>"; };
/* End PBXFileReference section */

/* Begin PBXFrameworksBuildPhase section */
		9AECC3E5236B511400CE553D /* Frameworks */ = {
			isa = PBXFrameworksBuildPhase;
			buildActionMask = 2147483647;
			files = (
			);
			runOnlyForDeploymentPostprocessing = 0;
		};
		9AECC3FB236B511500CE553D /* Frameworks */ = {
			isa = PBXFrameworksBuildPhase;
			buildActionMask = 2147483647;
			files = (
			);
			runOnlyForDeploymentPostprocessing = 0;
		};
		9AECC406236B511500CE553D /* Frameworks */ = {
			isa = PBXFrameworksBuildPhase;
			buildActionMask = 2147483647;
			files = (
			);
			runOnlyForDeploymentPostprocessing = 0;
		};
/* End PBXFrameworksBuildPhase section */

/* Begin PBXGroup section */
		9AECC3DF236B511400CE553D = {
			isa = PBXGroup;
			children = (
				9AECC3EA236B511400CE553D /* TempConverter */,
				9AECC401236B511500CE553D /* TempConverterTests */,
				9AECC40C236B511500CE553D /* TempConverterUITests */,
				9AECC3E9236B511400CE553D /* Products */,
			);
			sourceTree = "<group>";
		};
		9AECC3E9236B511400CE553D /* Products */ = {
			isa = PBXGroup;
			children = (
				9AECC3E8236B511400CE553D /* TempConverter.app */,
				9AECC3FE236B511500CE553D /* TempConverterTests.xctest */,
				9AECC409236B511500CE553D /* TempConverterUITests.xctest */,
			);
			name = Products;
			sourceTree = "<group>";
		};
		9AECC3EA236B511400CE553D /* TempConverter */ = {
			isa = PBXGroup;
			children = (
				9AECC3EB236B511400CE553D /* AppDelegate.swift */,
				9AECC3ED236B511400CE553D /* SceneDelegate.swift */,
				9AECC3EF236B511400CE553D /* ContentView.swift */,
				9AECC3F1236B511500CE553D /* Assets.xcassets */,
				9AECC3F6236B511500CE553D /* LaunchScreen.storyboard */,
				9AECC3F9236B511500CE553D /* Info.plist */,
				9AECC3F3236B511500CE553D /* Preview Content */,
			);
			path = TempConverter;
			sourceTree = "<group>";
		};
		9AECC3F3236B511500CE553D /* Preview Content */ = {
			isa = PBXGroup;
			children = (
				9AECC3F4236B511500CE553D /* Preview Assets.xcassets */,
			);
			path = "Preview Content";
			sourceTree = "<group>";
		};
		9AECC401236B511500CE553D /* TempConverterTests */ = {
			isa = PBXGroup;
			children = (
				9AECC402236B511500CE553D /* TempConverterTests.swift */,
				9AECC404236B511500CE553D /* Info.plist */,
			);
			path = TempConverterTests;
			sourceTree = "<group>";
		};
		9AECC40C236B511500CE553D /* TempConverterUITests */ = {
			isa = PBXGroup;
			children = (
				9AECC40D236B511500CE553D /* TempConverterUITests.swift */,
				9AECC40F236B511500CE553D /* Info.plist */,
			);
			path = TempConverterUITests;
			sourceTree = "<group>";
		};
/* End PBXGroup section */

/* Begin PBXNativeTarget section */
		9AECC3E7236B511400CE553D /* TempConverter */ = {
			isa = PBXNativeTarget;
			buildConfigurationList = 9AECC412236B511500CE553D /* Build configuration list for PBXNativeTarget "TempConverter" */;
			buildPhases = (
				9AECC3E4236B511400CE553D /* Sources */,
				9AECC3E5236B511400CE553D /* Frameworks */,
				9AECC3E6236B511400CE553D /* Resources */,
			);
			buildRules = (
			);
			dependencies = (
			);
			name = TempConverter;
			productName = TempConverter;
			productReference = 9AECC3E8236B511400CE553D /* TempConverter.app */;
			productType = "com.apple.product-type.application";
		};
		9AECC3FD236B511500CE553D /* TempConverterTests */ = {
			isa = PBXNativeTarget;
			buildConfigurationList = 9AECC415236B511500CE553D /* Build configuration list for PBXNativeTarget "TempConverterTests" */;
			buildPhases = (
				9AECC3FA236B511500CE553D /* Sources */,
				9AECC3FB236B511500CE553D /* Frameworks */,
				9AECC3FC236B511500CE553D /* Resources */,
			);
			buildRules = (
			);
			dependencies = (
				9AECC400236B511500CE553D /* PBXTargetDependency */,
			);
			name = TempConverterTests;
			productName = TempConverterTests;
			productReference = 9AECC3FE236B511500CE553D /* TempConverterTests.xctest */;
			productType = "com.apple.product-type.bundle.unit-test";
		};
		9AECC408236B511500CE553D /* TempConverterUITests */ = {
			isa = PBXNativeTarget;
			buildConfigurationList = 9AECC418236B511500CE553D /* Build configuration list for PBXNativeTarget "TempConverterUITests" */;
			buildPhases = (
				9AECC405236B511500CE553D /* Sources */,
				9AECC406236B511500CE553D /* Frameworks */,
				9AECC407236B511500CE553D /* Resources */,
			);
			buildRules = (
			);
			dependencies = (
				9AECC40B236B511500CE553D /* PBXTargetDependency */,
			);
			name = TempConverterUITests;
			productName = TempConverterUITests;
			productReference = 9AECC409236B511500CE553D /* TempConverterUITests.xctest */;
			productType = "com.apple.product-type.bundle.ui-testing";
		};
/* End PBXNativeTarget section */

/* Begin PBXProject section */
		9AECC3E0236B511400CE553D /* Project object */ = {
			isa = PBXProject;
			attributes = {
				LastSwiftUpdateCheck = 1110;
				LastUpgradeCheck = 1110;
				ORGANIZATIONNAME = "Jacob Singer";
				TargetAttributes = {
					9AECC3E7236B511400CE553D = {
						CreatedOnToolsVersion = 11.1;
					};
					9AECC3FD236B511500CE553D = {
						CreatedOnToolsVersion = 11.1;
						TestTargetID = 9AECC3E7236B511400CE553D;
					};
					9AECC408236B511500CE553D = {
						CreatedOnToolsVersion = 11.1;
						TestTargetID = 9AECC3E7236B511400CE553D;
					};
				};
			};
			buildConfigurationList = 9AECC3E3236B511400CE553D /* Build configuration list for PBXProject "TempConverter" */;
			compatibilityVersion = "Xcode 9.3";
			developmentRegion = en;
			hasScannedForEncodings = 0;
			knownRegions = (
				en,
				Base,
			);
			mainGroup = 9AECC3DF236B511400CE553D;
			productRefGroup = 9AECC3E9236B511400CE553D /* Products */;
			projectDirPath = "";
			projectRoot = "";
			targets = (
				9AECC3E7236B511400CE553D /* TempConverter */,
				9AECC3FD236B511500CE553D /* TempConverterTests */,
				9AECC408236B511500CE553D /* TempConverterUITests */,
			);
		};
/* End PBXProject section */

/* Begin PBXResourcesBuildPhase section */
		9AECC3E6236B511400CE553D /* Resources */ = {
			isa = PBXResourcesBuildPhase;
			buildActionMask = 2147483647;
			files = (
				9AECC3F8236B511500CE553D /* LaunchScreen.storyboard in Resources */,
				9AECC3F5236B511500CE553D /* Preview Assets.xcassets in Resources */,
				9AECC3F2236B511500CE553D /* Assets.xcassets in Resources */,
			);
			runOnlyForDeploymentPostprocessing = 0;
		};
		9AECC3FC236B511500CE553D /* Resources */ = {
			isa = PBXResourcesBuildPhase;
			buildActionMask = 2147483647;
			files = (
			);
			runOnlyForDeploymentPostprocessing = 0;
		};
		9AECC407236B511500CE553D /* Resources */ = {
			isa = PBXResourcesBuildPhase;
			buildActionMask = 2147483647;
			files = (
			);
			runOnlyForDeploymentPostprocessing = 0;
		};
/* End PBXResourcesBuildPhase section */

/* Begin PBXSourcesBuildPhase section */
		9AECC3E4236B511400CE553D /* Sources */ = {
			isa = PBXSourcesBuildPhase;
			buildActionMask = 2147483647;
			files = (
				9AECC3EC236B511400CE553D /* AppDelegate.swift in Sources */,
				9AECC3EE236B511400CE553D /* SceneDelegate.swift in Sources */,
				9AECC3F0236B511400CE553D /* ContentView.swift in Sources */,
			);
			runOnlyForDeploymentPostprocessing = 0;
		};
		9AECC3FA236B511500CE553D /* Sources */ = {
			isa = PBXSourcesBuildPhase;
			buildActionMask = 2147483647;
			files = (
				9AECC403236B511500CE553D /* TempConverterTests.swift in Sources */,
			);
			runOnlyForDeploymentPostprocessing = 0;
		};
		9AECC405236B511500CE553D /* Sources */ = {
			isa = PBXSourcesBuildPhase;
			buildActionMask = 2147483647;
			files = (
				9AECC40E236B511500CE553D /* TempConverterUITests.swift in Sources */,
			);
			runOnlyForDeploymentPostprocessing = 0;
		};
/* End PBXSourcesBuildPhase section */

/* Begin PBXTargetDependency section */
		9AECC400236B511500CE553D /* PBXTargetDependency */ = {
			isa = PBXTargetDependency;
			target = 9AECC3E7236B511400CE553D /* TempConverter */;
			targetProxy = 9AECC3FF236B511500CE553D /* PBXContainerItemProxy */;
		};
		9AECC40B236B511500CE553D /* PBXTargetDependency */ = {
			isa = PBXTargetDependency;
			target = 9AECC3E7236B511400CE553D /* TempConverter */;
			targetProxy = 9AECC40A236B511500CE553D /* PBXContainerItemProxy */;
		};
/* End PBXTargetDependency section */

/* Begin PBXVariantGroup section */
		9AECC3F6236B511500CE553D /* LaunchScreen.storyboard */ = {
			isa = PBXVariantGroup;
			children = (
				9AECC3F7236B511500CE553D /* Base */,
			);
			name = LaunchScreen.storyboard;
			sourceTree = "<group>";
		};
/* End PBXVariantGroup section */

/* Begin XCBuildConfiguration section */
		9AECC410236B511500CE553D /* Debug */ = {
			isa = XCBuildConfiguration;
			buildSettings = {
				ALWAYS_SEARCH_USER_PATHS = NO;
				CLANG_ANALYZER_NONNULL = YES;
				CLANG_ANALYZER_NUMBER_OBJECT_CONVERSION = YES_AGGRESSIVE;
				CLANG_CXX_LANGUAGE_STANDARD = "gnu++14";
				CLANG_CXX_LIBRARY = "libc++";
				CLANG_ENABLE_MODULES = YES;
				CLANG_ENABLE_OBJC_ARC = YES;
				CLANG_ENABLE_OBJC_WEAK = YES;
				CLANG_WARN_BLOCK_CAPTURE_AUTORELEASING = YES;
				CLANG_WARN_BOOL_CONVERSION = YES;
				CLANG_WARN_COMMA = YES;
				CLANG_WARN_CONSTANT_CONVERSION = YES;
				CLANG_WARN_DEPRECATED_OBJC_IMPLEMENTATIONS = YES;
				CLANG_WARN_DIRECT_OBJC_ISA_USAGE = YES_ERROR;
				CLANG_WARN_DOCUMENTATION_COMMENTS = YES;
				CLANG_WARN_EMPTY_BODY = YES;
				CLANG_WARN_ENUM_CONVERSION = YES;
				CLANG_WARN_INFINITE_RECURSION = YES;
				CLANG_WARN_INT_CONVERSION = YES;
				CLANG_WARN_NON_LITERAL_NULL_CONVERSION = YES;
				CLANG_WARN_OBJC_IMPLICIT_RETAIN_SELF = YES;
				CLANG_WARN_OBJC_LITERAL_CONVERSION = YES;
				CLANG_WARN_OBJC_ROOT_CLASS = YES_ERROR;
				CLANG_WARN_RANGE_LOOP_ANALYSIS = YES;
				CLANG_WARN_STRICT_PROTOTYPES = YES;
				CLANG_WARN_SUSPICIOUS_MOVE = YES;
				CLANG_WARN_UNGUARDED_AVAILABILITY = YES_AGGRESSIVE;
				CLANG_WARN_UNREACHABLE_CODE = YES;
				CLANG_WARN__DUPLICATE_METHOD_MATCH = YES;
				COPY_PHASE_STRIP = NO;
				DEBUG_INFORMATION_FORMAT = dwarf;
				ENABLE_STRICT_OBJC_MSGSEND = YES;
				ENABLE_TESTABILITY = YES;
				GCC_C_LANGUAGE_STANDARD = gnu11;
				GCC_DYNAMIC_NO_PIC = NO;
				GCC_NO_COMMON_BLOCKS = YES;
				GCC_OPTIMIZATION_LEVEL = 0;
				GCC_PREPROCESSOR_DEFINITIONS = (
					"DEBUG=1",
					"$(inherited)",
				);
				GCC_WARN_64_TO_32_BIT_CONVERSION = YES;
				GCC_WARN_ABOUT_RETURN_TYPE = YES_ERROR;
				GCC_WARN_UNDECLARED_SELECTOR = YES;
				GCC_WARN_UNINITIALIZED_AUTOS = YES_AGGRESSIVE;
				GCC_WARN_UNUSED_FUNCTION = YES;
				GCC_WARN_UNUSED_VARIABLE = YES;
				IPHONEOS_DEPLOYMENT_TARGET = 13.1;
				MTL_ENABLE_DEBUG_INFO = INCLUDE_SOURCE;
				MTL_FAST_MATH = YES;
				ONLY_ACTIVE_ARCH = YES;
				SDKROOT = iphoneos;
				SWIFT_ACTIVE_COMPILATION_CONDITIONS = DEBUG;
				SWIFT_OPTIMIZATION_LEVEL = "-Onone";
			};
			name = Debug;
		};
		9AECC411236B511500CE553D /* Release */ = {
			isa = XCBuildConfiguration;
			buildSettings = {
				ALWAYS_SEARCH_USER_PATHS = NO;
				CLANG_ANALYZER_NONNULL = YES;
				CLANG_ANALYZER_NUMBER_OBJECT_CONVERSION = YES_AGGRESSIVE;
				CLANG_CXX_LANGUAGE_STANDARD = "gnu++14";
				CLANG_CXX_LIBRARY = "libc++";
				CLANG_ENABLE_MODULES = YES;
				CLANG_ENABLE_OBJC_ARC = YES;
				CLANG_ENABLE_OBJC_WEAK = YES;
				CLANG_WARN_BLOCK_CAPTURE_AUTORELEASING = YES;
				CLANG_WARN_BOOL_CONVERSION = YES;
				CLANG_WARN_COMMA = YES;
				CLANG_WARN_CONSTANT_CONVERSION = YES;
				CLANG_WARN_DEPRECATED_OBJC_IMPLEMENTATIONS = YES;
				CLANG_WARN_DIRECT_OBJC_ISA_USAGE = YES_ERROR;
				CLANG_WARN_DOCUMENTATION_COMMENTS = YES;
				CLANG_WARN_EMPTY_BODY = YES;
				CLANG_WARN_ENUM_CONVERSION = YES;
				CLANG_WARN_INFINITE_RECURSION = YES;
				CLANG_WARN_INT_CONVERSION = YES;
				CLANG_WARN_NON_LITERAL_NULL_CONVERSION = YES;
				CLANG_WARN_OBJC_IMPLICIT_RETAIN_SELF = YES;
				CLANG_WARN_OBJC_LITERAL_CONVERSION = YES;
				CLANG_WARN_OBJC_ROOT_CLASS = YES_ERROR;
				CLANG_WARN_RANGE_LOOP_ANALYSIS = YES;
				CLANG_WARN_STRICT_PROTOTYPES = YES;
				CLANG_WARN_SUSPICIOUS_MOVE = YES;
				CLANG_WARN_UNGUARDED_AVAILABILITY = YES_AGGRESSIVE;
				CLANG_WARN_UNREACHABLE_CODE = YES;
				CLANG_WARN__DUPLICATE_METHOD_MATCH = YES;
				COPY_PHASE_STRIP = NO;
				DEBUG_INFORMATION_FORMAT = "dwarf-with-dsym";
				ENABLE_NS_ASSERTIONS = NO;
				ENABLE_STRICT_OBJC_MSGSEND = YES;
				GCC_C_LANGUAGE_STANDARD = gnu11;
				GCC_NO_COMMON_BLOCKS = YES;
				GCC_WARN_64_TO_32_BIT_CONVERSION = YES;
				GCC_WARN_ABOUT_RETURN_TYPE = YES_ERROR;
				GCC_WARN_UNDECLARED_SELECTOR = YES;
				GCC_WARN_UNINITIALIZED_AUTOS = YES_AGGRESSIVE;
				GCC_WARN_UNUSED_FUNCTION = YES;
				GCC_WARN_UNUSED_VARIABLE = YES;
				IPHONEOS_DEPLOYMENT_TARGET = 13.1;
				MTL_ENABLE_DEBUG_INFO = NO;
				MTL_FAST_MATH = YES;
				SDKROOT = iphoneos;
				SWIFT_COMPILATION_MODE = wholemodule;
				SWIFT_OPTIMIZATION_LEVEL = "-O";
				VALIDATE_PRODUCT = YES;
			};
			name = Release;
		};
		9AECC413236B511500CE553D /* Debug */ = {
			isa = XCBuildConfiguration;
			buildSettings = {
				ASSETCATALOG_COMPILER_APPICON_NAME = AppIcon;
				CODE_SIGN_STYLE = Automatic;
				DEVELOPMENT_ASSET_PATHS = "\"TempConverter/Preview Content\"";
				DEVELOPMENT_TEAM = 9MQ2LQ6V7P;
				ENABLE_PREVIEWS = YES;
				INFOPLIST_FILE = TempConverter/Info.plist;
				LD_RUNPATH_SEARCH_PATHS = (
					"$(inherited)",
					"@executable_path/Frameworks",
				);
				PRODUCT_BUNDLE_IDENTIFIER = HomemadeToast57.TemperatureConverter;
				PRODUCT_NAME = "$(TARGET_NAME)";
				SWIFT_VERSION = 5.0;
				TARGETED_DEVICE_FAMILY = "1,2";
			};
			name = Debug;
		};
		9AECC414236B511500CE553D /* Release */ = {
			isa = XCBuildConfiguration;
			buildSettings = {
				ASSETCATALOG_COMPILER_APPICON_NAME = AppIcon;
				CODE_SIGN_STYLE = Automatic;
				DEVELOPMENT_ASSET_PATHS = "\"TempConverter/Preview Content\"";
				DEVELOPMENT_TEAM = 9MQ2LQ6V7P;
				ENABLE_PREVIEWS = YES;
				INFOPLIST_FILE = TempConverter/Info.plist;
				LD_RUNPATH_SEARCH_PATHS = (
					"$(inherited)",
					"@executable_path/Frameworks",
				);
				PRODUCT_BUNDLE_IDENTIFIER = HomemadeToast57.TemperatureConverter;
				PRODUCT_NAME = "$(TARGET_NAME)";
				SWIFT_VERSION = 5.0;
				TARGETED_DEVICE_FAMILY = "1,2";
			};
			name = Release;
		};
		9AECC416236B511500CE553D /* Debug */ = {
			isa = XCBuildConfiguration;
			buildSettings = {
				ALWAYS_EMBED_SWIFT_STANDARD_LIBRARIES = YES;
				BUNDLE_LOADER = "$(TEST_HOST)";
				CODE_SIGN_STYLE = Automatic;
				DEVELOPMENT_TEAM = 9MQ2LQ6V7P;
				INFOPLIST_FILE = TempConverterTests/Info.plist;
				IPHONEOS_DEPLOYMENT_TARGET = 13.1;
				LD_RUNPATH_SEARCH_PATHS = (
					"$(inherited)",
					"@executable_path/Frameworks",
					"@loader_path/Frameworks",
				);
				PRODUCT_BUNDLE_IDENTIFIER = HomemadeToast57.TempConverterTests;
				PRODUCT_NAME = "$(TARGET_NAME)";
				SWIFT_VERSION = 5.0;
				TARGETED_DEVICE_FAMILY = "1,2";
				TEST_HOST = "$(BUILT_PRODUCTS_DIR)/TempConverter.app/TempConverter";
			};
			name = Debug;
		};
		9AECC417236B511500CE553D /* Release */ = {
			isa = XCBuildConfiguration;
			buildSettings = {
				ALWAYS_EMBED_SWIFT_STANDARD_LIBRARIES = YES;
				BUNDLE_LOADER = "$(TEST_HOST)";
				CODE_SIGN_STYLE = Automatic;
				DEVELOPMENT_TEAM = 9MQ2LQ6V7P;
				INFOPLIST_FILE = TempConverterTests/Info.plist;
				IPHONEOS_DEPLOYMENT_TARGET = 13.1;
				LD_RUNPATH_SEARCH_PATHS = (
					"$(inherited)",
					"@executable_path/Frameworks",
					"@loader_path/Frameworks",
				);
				PRODUCT_BUNDLE_IDENTIFIER = HomemadeToast57.TempConverterTests;
				PRODUCT_NAME = "$(TARGET_NAME)";
				SWIFT_VERSION = 5.0;
				TARGETED_DEVICE_FAMILY = "1,2";
				TEST_HOST = "$(BUILT_PRODUCTS_DIR)/TempConverter.app/TempConverter";
			};
			name = Release;
		};
		9AECC419236B511500CE553D /* Debug */ = {
			isa = XCBuildConfiguration;
			buildSettings = {
				ALWAYS_EMBED_SWIFT_STANDARD_LIBRARIES = YES;
				CODE_SIGN_STYLE = Automatic;
				DEVELOPMENT_TEAM = 9MQ2LQ6V7P;
				INFOPLIST_FILE = TempConverterUITests/Info.plist;
				LD_RUNPATH_SEARCH_PATHS = (
					"$(inherited)",
					"@executable_path/Frameworks",
					"@loader_path/Frameworks",
				);
				PRODUCT_BUNDLE_IDENTIFIER = HomemadeToast57.TempConverterUITests;
				PRODUCT_NAME = "$(TARGET_NAME)";
				SWIFT_VERSION = 5.0;
				TARGETED_DEVICE_FAMILY = "1,2";
				TEST_TARGET_NAME = TempConverter;
			};
			name = Debug;
		};
		9AECC41A236B511500CE553D /* Release */ = {
			isa = XCBuildConfiguration;
			buildSettings = {
				ALWAYS_EMBED_SWIFT_STANDARD_LIBRARIES = YES;
				CODE_SIGN_STYLE = Automatic;
				DEVELOPMENT_TEAM = 9MQ2LQ6V7P;
				INFOPLIST_FILE = TempConverterUITests/Info.plist;
				LD_RUNPATH_SEARCH_PATHS = (
					"$(inherited)",
					"@executable_path/Frameworks",
					"@loader_path/Frameworks",
				);
				PRODUCT_BUNDLE_IDENTIFIER = HomemadeToast57.TempConverterUITests;
				PRODUCT_NAME = "$(TARGET_NAME)";
				SWIFT_VERSION = 5.0;
				TARGETED_DEVICE_FAMILY = "1,2";
				TEST_TARGET_NAME = TempConverter;
			};
			name = Release;
		};
/* End XCBuildConfiguration section */

/* Begin XCConfigurationList section */
		9AECC3E3236B511400CE553D /* Build configuration list for PBXProject "TempConverter" */ = {
			isa = XCConfigurationList;
			buildConfigurations = (
				9AECC410236B511500CE553D /* Debug */,
				9AECC411236B511500CE553D /* Release */,
			);
			defaultConfigurationIsVisible = 0;
			defaultConfigurationName = Release;
		};
		9AECC412236B511500CE553D /* Build configuration list for PBXNativeTarget "TempConverter" */ = {
			isa = XCConfigurationList;
			buildConfigurations = (
				9AECC413236B511500CE553D /* Debug */,
				9AECC414236B511500CE553D /* Release */,
			);
			defaultConfigurationIsVisible = 0;
			defaultConfigurationName = Release;
		};
		9AECC415236B511500CE553D /* Build configuration list for PBXNativeTarget "TempConverterTests" */ = {
			isa = XCConfigurationList;
			buildConfigurations = (
				9AECC416236B511500CE553D /* Debug */,
				9AECC417236B511500CE553D /* Release */,
			);
			defaultConfigurationIsVisible = 0;
			defaultConfigurationName = Release;
		};
		9AECC418236B511500CE553D /* Build configuration list for PBXNativeTarget "TempConverterUITests" */ = {
			isa = XCConfigurationList;
			buildConfigurations = (
				9AECC419236B511500CE553D /* Debug */,
				9AECC41A236B511500CE553D /* Release */,
			);
			defaultConfigurationIsVisible = 0;
			defaultConfigurationName = Release;
		};
/* End XCConfigurationList section */
	};
	rootObject = 9AECC3E0236B511400CE553D /* Project object */;
}
