
Microsoft Visual Studio Solution File, Format Version 12.00
# Visual Studio 15
Project("{FAE04EC0-301F-11D3-BF4B-00C04F79EFBC}") = "Assembly-CSharp", "Assembly-CSharp.csproj", "{AF52354E-1757-CFB7-4037-A23FC808CEEA}"
EndProject
Project("{FAE04EC0-301F-11D3-BF4B-00C04F79EFBC}") = "Assembly-CSharp-Editor", "Assembly-CSharp-Editor.csproj", "{81305E53-6066-8583-6DA5-FEF347D586A1}"
EndProject
Global
	GlobalSection(SolutionConfigurationPlatforms) = preSolution
		Debug|Any CPU = Debug|Any CPU
		Release|Any CPU = Release|Any CPU
	EndGlobalSection
	GlobalSection(ProjectConfigurationPlatforms) = postSolution
		{AF52354E-1757-CFB7-4037-A23FC808CEEA}.Debug|Any CPU.ActiveCfg = Debug|Any CPU
		{AF52354E-1757-CFB7-4037-A23FC808CEEA}.Debug|Any CPU.Build.0 = Debug|Any CPU
		{AF52354E-1757-CFB7-4037-A23FC808CEEA}.Release|Any CPU.ActiveCfg = Release|Any CPU
		{AF52354E-1757-CFB7-4037-A23FC808CEEA}.Release|Any CPU.Build.0 = Release|Any CPU
		{81305E53-6066-8583-6DA5-FEF347D586A1}.Debug|Any CPU.ActiveCfg = Debug|Any CPU
		{81305E53-6066-8583-6DA5-FEF347D586A1}.Debug|Any CPU.Build.0 = Debug|Any CPU
		{81305E53-6066-8583-6DA5-FEF347D586A1}.Release|Any CPU.ActiveCfg = Release|Any CPU
		{81305E53-6066-8583-6DA5-FEF347D586A1}.Release|Any CPU.Build.0 = Release|Any CPU
	EndGlobalSection
	GlobalSection(SolutionProperties) = preSolution
		HideSolutionNode = FALSE
	EndGlobalSection
EndGlobal
